
Microsoft Visual Studio Solution File, Format Version 12.00
# Visual Studio Version 17
VisualStudioVersion = 17.10.35013.160
MinimumVisualStudioVersion = 10.0.40219.1
Project("{FAE04EC0-301F-11D3-BF4B-00C04F79EFBC}") = "LightNovelHub", "LightNovelHub\LightNovelHub.csproj", "{017F79B5-C87A-4FCC-ADF6-16CDEA88D2A6}"
EndProject
Global
	GlobalSection(SolutionConfigurationPlatforms) = preSolution
		Debug|Any CPU = Debug|Any CPU
		Release|Any CPU = Release|Any CPU
	EndGlobalSection
	GlobalSection(ProjectConfigurationPlatforms) = postSolution
		{017F79B5-C87A-4FCC-ADF6-16CDEA88D2A6}.Debug|Any CPU.ActiveCfg = Debug|Any CPU
		{017F79B5-C87A-4FCC-ADF6-16CDEA88D2A6}.Debug|Any CPU.Build.0 = Debug|Any CPU
		{017F79B5-C87A-4FCC-ADF6-16CDEA88D2A6}.Release|Any CPU.ActiveCfg = Release|Any CPU
		{017F79B5-C87A-4FCC-ADF6-16CDEA88D2A6}.Release|Any CPU.Build.0 = Release|Any CPU
	EndGlobalSection
	GlobalSection(SolutionProperties) = preSolution
		HideSolutionNode = FALSE
	EndGlobalSection
	GlobalSection(ExtensibilityGlobals) = postSolution
		SolutionGuid = {2AE6FD85-A424-4314-9C55-C069D7BD67CC}
	EndGlobalSection
EndGlobal
